
Microsoft Visual Studio Solution File, Format Version 12.00
Project("{FAE04EC0-301F-11D3-BF4B-00C04F79EFBC}") = "SecRandom4Ci", "SecRandom4Ci\SecRandom4Ci.csproj", "{D2FA11B1-4BD5-478E-A997-53E683313DE4}"
EndProject
Project("{FAE04EC0-301F-11D3-BF4B-00C04F79EFBC}") = "SecRandom4Ci.Interface", "SecRandom4Ci.Interface\SecRandom4Ci.Interface.csproj", "{6382CFB2-8861-438A-9C35-C243D1B3FEF8}"
EndProject
Global
	GlobalSection(SolutionConfigurationPlatforms) = preSolution
		Debug|Any CPU = Debug|Any CPU
		Release|Any CPU = Release|Any CPU
	EndGlobalSection
	GlobalSection(ProjectConfigurationPlatforms) = postSolution
		{D2FA11B1-4BD5-478E-A997-53E683313DE4}.Debug|Any CPU.ActiveCfg = Debug|Any CPU
		{D2FA11B1-4BD5-478E-A997-53E683313DE4}.Debug|Any CPU.Build.0 = Debug|Any CPU
		{D2FA11B1-4BD5-478E-A997-53E683313DE4}.Release|Any CPU.ActiveCfg = Release|Any CPU
		{D2FA11B1-4BD5-478E-A997-53E683313DE4}.Release|Any CPU.Build.0 = Release|Any CPU
		{6382CFB2-8861-438A-9C35-C243D1B3FEF8}.Debug|Any CPU.ActiveCfg = Debug|Any CPU
		{6382CFB2-8861-438A-9C35-C243D1B3FEF8}.Debug|Any CPU.Build.0 = Debug|Any CPU
		{6382CFB2-8861-438A-9C35-C243D1B3FEF8}.Release|Any CPU.ActiveCfg = Release|Any CPU
		{6382CFB2-8861-438A-9C35-C243D1B3FEF8}.Release|Any CPU.Build.0 = Release|Any CPU
	EndGlobalSection
EndGlobal
